
Microsoft Visual Studio Solution File, Format Version 12.00
# Visual Studio Version 17
VisualStudioVersion = 17.4.33122.133
MinimumVisualStudioVersion = 10.0.40219.1
Project("{9A19103F-16F7-4668-BE54-9A1E7A4F7556}") = "CreativeCookies.VideoHosting.API", "CreativeCookies.VideoHosting.API\CreativeCookies.VideoHosting.API.csproj", "{277141C2-0144-4E7E-BC35-1F243048B549}"
EndProject
Project("{9A19103F-16F7-4668-BE54-9A1E7A4F7556}") = "CreativeCookies.VideoHosting.Domain", "CreativeCookies.VideoHosting.Domain\CreativeCookies.VideoHosting.Domain.csproj", "{61960CAE-190E-4047-81BE-925789A20653}"
EndProject
Project("{9A19103F-16F7-4668-BE54-9A1E7A4F7556}") = "CreativeCookies.VideoHosting.DAL", "CreativeCookies.VideoHosting.DAL\CreativeCookies.VideoHosting.DAL.csproj", "{0EB35DF1-6AFD-431F-9B32-E495F3740ABB}"
EndProject
Project("{9A19103F-16F7-4668-BE54-9A1E7A4F7556}") = "CreativeCookies.VideoHosting.Contracts", "CreativeCookies.VideoHosting.Contracts\CreativeCookies.VideoHosting.Contracts.csproj", "{FDA3B34D-CDEC-4541-AA14-2B5B1FF830E2}"
EndProject
Project("{FAE04EC0-301F-11D3-BF4B-00C04F79EFBC}") = "CreativeCookies.VideoHosting.DTOs", "CreativeCookies.VideoHosting.DTOs\CreativeCookies.VideoHosting.DTOs.csproj", "{D71572B4-A9ED-4E19-9740-8E469126CA5E}"
EndProject
Global
	GlobalSection(SolutionConfigurationPlatforms) = preSolution
		Debug|Any CPU = Debug|Any CPU
		Release|Any CPU = Release|Any CPU
	EndGlobalSection
	GlobalSection(ProjectConfigurationPlatforms) = postSolution
		{277141C2-0144-4E7E-BC35-1F243048B549}.Debug|Any CPU.ActiveCfg = Debug|Any CPU
		{277141C2-0144-4E7E-BC35-1F243048B549}.Debug|Any CPU.Build.0 = Debug|Any CPU
		{277141C2-0144-4E7E-BC35-1F243048B549}.Release|Any CPU.ActiveCfg = Release|Any CPU
		{277141C2-0144-4E7E-BC35-1F243048B549}.Release|Any CPU.Build.0 = Release|Any CPU
		{61960CAE-190E-4047-81BE-925789A20653}.Debug|Any CPU.ActiveCfg = Debug|Any CPU
		{61960CAE-190E-4047-81BE-925789A20653}.Debug|Any CPU.Build.0 = Debug|Any CPU
		{61960CAE-190E-4047-81BE-925789A20653}.Release|Any CPU.ActiveCfg = Release|Any CPU
		{61960CAE-190E-4047-81BE-925789A20653}.Release|Any CPU.Build.0 = Release|Any CPU
		{0EB35DF1-6AFD-431F-9B32-E495F3740ABB}.Debug|Any CPU.ActiveCfg = Debug|Any CPU
		{0EB35DF1-6AFD-431F-9B32-E495F3740ABB}.Debug|Any CPU.Build.0 = Debug|Any CPU
		{0EB35DF1-6AFD-431F-9B32-E495F3740ABB}.Release|Any CPU.ActiveCfg = Release|Any CPU
		{0EB35DF1-6AFD-431F-9B32-E495F3740ABB}.Release|Any CPU.Build.0 = Release|Any CPU
		{FDA3B34D-CDEC-4541-AA14-2B5B1FF830E2}.Debug|Any CPU.ActiveCfg = Debug|Any CPU
		{FDA3B34D-CDEC-4541-AA14-2B5B1FF830E2}.Debug|Any CPU.Build.0 = Debug|Any CPU
		{FDA3B34D-CDEC-4541-AA14-2B5B1FF830E2}.Release|Any CPU.ActiveCfg = Release|Any CPU
		{FDA3B34D-CDEC-4541-AA14-2B5B1FF830E2}.Release|Any CPU.Build.0 = Release|Any CPU
		{D71572B4-A9ED-4E19-9740-8E469126CA5E}.Debug|Any CPU.ActiveCfg = Debug|Any CPU
		{D71572B4-A9ED-4E19-9740-8E469126CA5E}.Debug|Any CPU.Build.0 = Debug|Any CPU
		{D71572B4-A9ED-4E19-9740-8E469126CA5E}.Release|Any CPU.ActiveCfg = Release|Any CPU
		{D71572B4-A9ED-4E19-9740-8E469126CA5E}.Release|Any CPU.Build.0 = Release|Any CPU
	EndGlobalSection
	GlobalSection(SolutionProperties) = preSolution
		HideSolutionNode = FALSE
	EndGlobalSection
	GlobalSection(ExtensibilityGlobals) = postSolution
		SolutionGuid = {C6A18D9C-3F4C-4357-8A53-46C40ABD5C17}
	EndGlobalSection
EndGlobal
